{
  "requires": true,
  "lockfileVersion": 1,
  "dependencies": {
    "@ministryofjustice/fb-components-core": {
      "version": "3.0.0-2",
      "resolved": "https://registry.npmjs.org/@ministryofjustice/fb-components-core/-/fb-components-core-3.0.0-2.tgz",
      "integrity": "sha512-a2CV2km0QLUu4z/HjYIM/zOQvIzZtI2CNG9VjE1PXTQCcBTct/Mw3nLdSGIcbK89x1kAf/4xINMx+blj3qi6OA==",
      "requires": {
        "govuk-frontend": "3.0.0"
      }
    },
    "govuk-frontend": {
      "version": "3.0.0",
      "resolved": "https://registry.npmjs.org/govuk-frontend/-/govuk-frontend-3.0.0.tgz",
      "integrity": "sha512-GCrEeaQZEnsthNtfmOUFlgsieNjHOeoamSWMdD4Gdq0RPxCA9uzfrT2i3jVnlBORekKjOL0C8eFZQBSNnjtz2A=="
    }
  }
}
